
Microsoft Visual Studio Solution File, Format Version 12.00
# Visual Studio Version 16
VisualStudioVersion = 16.0.29306.81
MinimumVisualStudioVersion = 10.0.40219.1
Project("{8BC9CEB8-8B4A-11D0-8D11-00A0C91BC942}") = "BDR", "BDR.vcxproj", "{20B25CC2-10A7-4C4F-A928-21802D94EF3E}"
EndProject
Global
	GlobalSection(SolutionConfigurationPlatforms) = preSolution
		Debug|x64 = Debug|x64
		Release|x64 = Release|x64
	EndGlobalSection
	GlobalSection(ProjectConfigurationPlatforms) = postSolution
		{20B25CC2-10A7-4C4F-A928-21802D94EF3E}.Debug|x64.ActiveCfg = Debug|x64
		{20B25CC2-10A7-4C4F-A928-21802D94EF3E}.Debug|x64.Build.0 = Debug|x64
		{20B25CC2-10A7-4C4F-A928-21802D94EF3E}.Release|x64.ActiveCfg = Release|x64
		{20B25CC2-10A7-4C4F-A928-21802D94EF3E}.Release|x64.Build.0 = Release|x64
	EndGlobalSection
	GlobalSection(SolutionProperties) = preSolution
		HideSolutionNode = FALSE
	EndGlobalSection
	GlobalSection(ExtensibilityGlobals) = postSolution
		SolutionGuid = {727C06F5-2EDB-4EF4-90F7-4EDF7E5E5ED3}
	EndGlobalSection
EndGlobal
